version = 1
revision = 3
requires-python = ">=3.10"

[[package]]
name = "fko"
version = "1.5"
source = { editable = "." }
dependencies = [
    { name = "py3c" },
]

[package.metadata]
requires-dist = [{ name = "py3c", specifier = ">=1.4" }]

[[package]]
name = "py3c"
version = "1.4"
source = { registry = "https://pypi.org/simple" }
wheels = [
    { url = "https://files.pythonhosted.org/packages/84/da/02c19dec3be18e46fcef0c02d379429a3cbd6e91e7c048b5b1c63ce5127d/py3c-1.4-py2.py3-none-any.whl", hash = "sha256:1c2574a77c6e42cb4900f7876dc62821f1b1221a647973c18c63a874e680fee6", size = 9404, upload-time = "2021-10-15T15:27:02.13Z" },
]
